
Microsoft Visual Studio Solution File, Format Version 12.00
# Visual Studio 2013
VisualStudioVersion = 12.0.40629.0
MinimumVisualStudioVersion = 10.0.40219.1
Project("{FAE04EC0-301F-11D3-BF4B-00C04F79EFBC}") = "Marionette", "Marionette\Marionette.csproj", "{158EAAA9-BB26-454B-B625-7E7EFCD8899E}"
EndProject
Project("{2150E333-8FDC-42A3-9474-1A3956D46DE8}") = "Required Modules", "Required Modules", "{89A9C13D-50F4-4EA2-BACB-122E167090A5}"
EndProject
Project("{2150E333-8FDC-42A3-9474-1A3956D46DE8}") = "_Marionette_Common", "_Marionette_Common", "{B728C188-AB74-466B-B618-6E0810D0BA5D}"
EndProject
Project("{FAE04EC0-301F-11D3-BF4B-00C04F79EFBC}") = "Marionette.Infrastructure", "Marionette.Infrastructure\Marionette.Infrastructure.csproj", "{0553A8C9-4A37-46A5-925E-FF183FEA39F6}"
EndProject
Project("{FAE04EC0-301F-11D3-BF4B-00C04F79EFBC}") = "Marionette.Chat", "Marionette.Chat\Marionette.Chat.csproj", "{E40ED6D9-0A74-40F6-8DD2-D77593D1EB12}"
EndProject
Project("{FAE04EC0-301F-11D3-BF4B-00C04F79EFBC}") = "Marionette.Authentication", "Marionette.Authentication\Marionette.Authentication.csproj", "{97E38407-6490-4F8C-B042-40C2D4992AD6}"
EndProject
Project("{FAE04EC0-301F-11D3-BF4B-00C04F79EFBC}") = "Marionette.Configuration", "Marionette.Configuration\Marionette.Configuration.csproj", "{8AB1D97B-3D16-4929-8BBB-E662C6BFC443}"
EndProject
Global
	GlobalSection(SolutionConfigurationPlatforms) = preSolution
		Debug|Any CPU = Debug|Any CPU
		Release|Any CPU = Release|Any CPU
	EndGlobalSection
	GlobalSection(ProjectConfigurationPlatforms) = postSolution
		{158EAAA9-BB26-454B-B625-7E7EFCD8899E}.Debug|Any CPU.ActiveCfg = Debug|Any CPU
		{158EAAA9-BB26-454B-B625-7E7EFCD8899E}.Debug|Any CPU.Build.0 = Debug|Any CPU
		{158EAAA9-BB26-454B-B625-7E7EFCD8899E}.Release|Any CPU.ActiveCfg = Release|Any CPU
		{158EAAA9-BB26-454B-B625-7E7EFCD8899E}.Release|Any CPU.Build.0 = Release|Any CPU
		{0553A8C9-4A37-46A5-925E-FF183FEA39F6}.Debug|Any CPU.ActiveCfg = Debug|Any CPU
		{0553A8C9-4A37-46A5-925E-FF183FEA39F6}.Debug|Any CPU.Build.0 = Debug|Any CPU
		{0553A8C9-4A37-46A5-925E-FF183FEA39F6}.Release|Any CPU.ActiveCfg = Release|Any CPU
		{0553A8C9-4A37-46A5-925E-FF183FEA39F6}.Release|Any CPU.Build.0 = Release|Any CPU
		{E40ED6D9-0A74-40F6-8DD2-D77593D1EB12}.Debug|Any CPU.ActiveCfg = Debug|Any CPU
		{E40ED6D9-0A74-40F6-8DD2-D77593D1EB12}.Debug|Any CPU.Build.0 = Debug|Any CPU
		{E40ED6D9-0A74-40F6-8DD2-D77593D1EB12}.Release|Any CPU.ActiveCfg = Release|Any CPU
		{E40ED6D9-0A74-40F6-8DD2-D77593D1EB12}.Release|Any CPU.Build.0 = Release|Any CPU
		{97E38407-6490-4F8C-B042-40C2D4992AD6}.Debug|Any CPU.ActiveCfg = Debug|Any CPU
		{97E38407-6490-4F8C-B042-40C2D4992AD6}.Debug|Any CPU.Build.0 = Debug|Any CPU
		{97E38407-6490-4F8C-B042-40C2D4992AD6}.Release|Any CPU.ActiveCfg = Release|Any CPU
		{97E38407-6490-4F8C-B042-40C2D4992AD6}.Release|Any CPU.Build.0 = Release|Any CPU
		{8AB1D97B-3D16-4929-8BBB-E662C6BFC443}.Debug|Any CPU.ActiveCfg = Debug|Any CPU
		{8AB1D97B-3D16-4929-8BBB-E662C6BFC443}.Debug|Any CPU.Build.0 = Debug|Any CPU
		{8AB1D97B-3D16-4929-8BBB-E662C6BFC443}.Release|Any CPU.ActiveCfg = Release|Any CPU
		{8AB1D97B-3D16-4929-8BBB-E662C6BFC443}.Release|Any CPU.Build.0 = Release|Any CPU
	EndGlobalSection
	GlobalSection(SolutionProperties) = preSolution
		HideSolutionNode = FALSE
	EndGlobalSection
	GlobalSection(NestedProjects) = preSolution
		{0553A8C9-4A37-46A5-925E-FF183FEA39F6} = {B728C188-AB74-466B-B618-6E0810D0BA5D}
		{E40ED6D9-0A74-40F6-8DD2-D77593D1EB12} = {89A9C13D-50F4-4EA2-BACB-122E167090A5}
		{97E38407-6490-4F8C-B042-40C2D4992AD6} = {89A9C13D-50F4-4EA2-BACB-122E167090A5}
		{8AB1D97B-3D16-4929-8BBB-E662C6BFC443} = {89A9C13D-50F4-4EA2-BACB-122E167090A5}
	EndGlobalSection
EndGlobal
